// !$*UTF8*$!
{
	archiveVersion = 1;
	classes = {
	};
	objectVersion = 55;
	objects = {

/* Begin PBXBuildFile section */
		B62173C728D72A7E007638CA /* plane1.png in Resources */ = {isa = PBXBuildFile; fileRef = B62173C628D72A7E007638CA /* plane1.png */; };
		B62173C928D72A89007638CA /* plane2.png in Resources */ = {isa = PBXBuildFile; fileRef = B62173C828D72A89007638CA /* plane2.png */; };
		B62173CB28D72A96007638CA /* crash.wav in Resources */ = {isa = PBXBuildFile; fileRef = B62173CA28D72A96007638CA /* crash.wav */; };
		B62173D028D72ADF007638CA /* helicopter.mp3 in Resources */ = {isa = PBXBuildFile; fileRef = B62173CD28D72ADF007638CA /* helicopter.mp3 */; };
		B62173D128D72ADF007638CA /* UPipe.png in Resources */ = {isa = PBXBuildFile; fileRef = B62173CE28D72ADF007638CA /* UPipe.png */; };
		B62173D328D72AFE007638CA /* back.jpeg in Resources */ = {isa = PBXBuildFile; fileRef = B62173D228D72AFE007638CA /* back.jpeg */; };
		B640AFB028B8FBFD008D1F1C /* AppDelegate.swift in Sources */ = {isa = PBXBuildFile; fileRef = B640AFAF28B8FBFD008D1F1C /* AppDelegate.swift */; };
		B640AFB228B8FBFD008D1F1C /* SceneDelegate.swift in Sources */ = {isa = PBXBuildFile; fileRef = B640AFB128B8FBFD008D1F1C /* SceneDelegate.swift */; };
		B640AFB428B8FBFD008D1F1C /* ViewController.swift in Sources */ = {isa = PBXBuildFile; fileRef = B640AFB328B8FBFD008D1F1C /* ViewController.swift */; };
		B640AFB728B8FBFD008D1F1C /* Main.storyboard in Resources */ = {isa = PBXBuildFile; fileRef = B640AFB528B8FBFD008D1F1C /* Main.storyboard */; };
		B640AFB928B8FBFF008D1F1C /* Assets.xcassets in Resources */ = {isa = PBXBuildFile; fileRef = B640AFB828B8FBFF008D1F1C /* Assets.xcassets */; };
		B640AFBC28B8FBFF008D1F1C /* LaunchScreen.storyboard in Resources */ = {isa = PBXBuildFile; fileRef = B640AFBA28B8FBFF008D1F1C /* LaunchScreen.storyboard */; };
		B640AFC828B8FC9B008D1F1C /* GameScene.swift in Sources */ = {isa = PBXBuildFile; fileRef = B640AFC728B8FC9B008D1F1C /* GameScene.swift */; };
/* End PBXBuildFile section */

/* Begin PBXFileReference section */
		B62173C628D72A7E007638CA /* plane1.png */ = {isa = PBXFileReference; lastKnownFileType = image.png; name = plane1.png; path = ../../plane1.png; sourceTree = "<group>"; };
		B62173C828D72A89007638CA /* plane2.png */ = {isa = PBXFileReference; lastKnownFileType = image.png; name = plane2.png; path = ../../plane2.png; sourceTree = "<group>"; };
		B62173CA28D72A96007638CA /* crash.wav */ = {isa = PBXFileReference; lastKnownFileType = audio.wav; name = crash.wav; path = ../../crash.wav; sourceTree = "<group>"; };
		B62173CD28D72ADF007638CA /* helicopter.mp3 */ = {isa = PBXFileReference; lastKnownFileType = audio.mp3; name = helicopter.mp3; path = ../../../helicopter.mp3; sourceTree = "<group>"; };
		B62173CE28D72ADF007638CA /* UPipe.png */ = {isa = PBXFileReference; lastKnownFileType = image.png; name = UPipe.png; path = ../../../UPipe.png; sourceTree = "<group>"; };
		B62173D228D72AFE007638CA /* back.jpeg */ = {isa = PBXFileReference; lastKnownFileType = image.jpeg; name = back.jpeg; path = ../../../back.jpeg; sourceTree = "<group>"; };
		B640AFAC28B8FBFD008D1F1C /* OrangePlane.app */ = {isa = PBXFileReference; explicitFileType = wrapper.application; includeInIndex = 0; path = OrangePlane.app; sourceTree = BUILT_PRODUCTS_DIR; };
		B640AFAF28B8FBFD008D1F1C /* AppDelegate.swift */ = {isa = PBXFileReference; lastKnownFileType = sourcecode.swift; path = AppDelegate.swift; sourceTree = "<group>"; };
		B640AFB128B8FBFD008D1F1C /* SceneDelegate.swift */ = {isa = PBXFileReference; lastKnownFileType = sourcecode.swift; path = SceneDelegate.swift; sourceTree = "<group>"; };
		B640AFB328B8FBFD008D1F1C /* ViewController.swift */ = {isa = PBXFileReference; lastKnownFileType = sourcecode.swift; path = ViewController.swift; sourceTree = "<group>"; };
		B640AFB628B8FBFD008D1F1C /* Base */ = {isa = PBXFileReference; lastKnownFileType = file.storyboard; name = Base; path = Base.lproj/Main.storyboard; sourceTree = "<group>"; };
		B640AFB828B8FBFF008D1F1C /* Assets.xcassets */ = {isa = PBXFileReference; lastKnownFileType = folder.assetcatalog; path = Assets.xcassets; sourceTree = "<group>"; };
		B640AFBB28B8FBFF008D1F1C /* Base */ = {isa = PBXFileReference; lastKnownFileType = file.storyboard; name = Base; path = Base.lproj/LaunchScreen.storyboard; sourceTree = "<group>"; };
		B640AFBD28B8FBFF008D1F1C /* Info.plist */ = {isa = PBXFileReference; lastKnownFileType = text.plist.xml; path = Info.plist; sourceTree = "<group>"; };
		B640AFC728B8FC9B008D1F1C /* GameScene.swift */ = {isa = PBXFileReference; lastKnownFileType = sourcecode.swift; path = GameScene.swift; sourceTree = "<group>"; };
/* End PBXFileReference section */

/* Begin PBXFrameworksBuildPhase section */
		B640AFA928B8FBFD008D1F1C /* Frameworks */ = {
			isa = PBXFrameworksBuildPhase;
			buildActionMask = 2147483647;
			files = (
			);
			runOnlyForDeploymentPostprocessing = 0;
		};
/* End PBXFrameworksBuildPhase section */

/* Begin PBXGroup section */
		B640AFA328B8FBFD008D1F1C = {
			isa = PBXGroup;
			children = (
				B640AFAE28B8FBFD008D1F1C /* OrangePlane */,
				B640AFAD28B8FBFD008D1F1C /* Products */,
			);
			sourceTree = "<group>";
		};
		B640AFAD28B8FBFD008D1F1C /* Products */ = {
			isa = PBXGroup;
			children = (
				B640AFAC28B8FBFD008D1F1C /* OrangePlane.app */,
			);
			name = Products;
			sourceTree = "<group>";
		};
		B640AFAE28B8FBFD008D1F1C /* OrangePlane */ = {
			isa = PBXGroup;
			children = (
				B62173CA28D72A96007638CA /* crash.wav */,
				B62173C628D72A7E007638CA /* plane1.png */,
				B62173C828D72A89007638CA /* plane2.png */,
				B62173D228D72AFE007638CA /* back.jpeg */,
				B62173CD28D72ADF007638CA /* helicopter.mp3 */,
				B62173CE28D72ADF007638CA /* UPipe.png */,
				B640AFC728B8FC9B008D1F1C /* GameScene.swift */,
				B640AFAF28B8FBFD008D1F1C /* AppDelegate.swift */,
				B640AFB128B8FBFD008D1F1C /* SceneDelegate.swift */,
				B640AFB328B8FBFD008D1F1C /* ViewController.swift */,
				B640AFB528B8FBFD008D1F1C /* Main.storyboard */,
				B640AFB828B8FBFF008D1F1C /* Assets.xcassets */,
				B640AFBA28B8FBFF008D1F1C /* LaunchScreen.storyboard */,
				B640AFBD28B8FBFF008D1F1C /* Info.plist */,
			);
			path = OrangePlane;
			sourceTree = "<group>";
		};
/* End PBXGroup section */

/* Begin PBXNativeTarget section */
		B640AFAB28B8FBFD008D1F1C /* OrangePlane */ = {
			isa = PBXNativeTarget;
			buildConfigurationList = B640AFC028B8FBFF008D1F1C /* Build configuration list for PBXNativeTarget "OrangePlane" */;
			buildPhases = (
				B640AFA828B8FBFD008D1F1C /* Sources */,
				B640AFA928B8FBFD008D1F1C /* Frameworks */,
				B640AFAA28B8FBFD008D1F1C /* Resources */,
			);
			buildRules = (
			);
			dependencies = (
			);
			name = OrangePlane;
			productName = OrangePlane;
			productReference = B640AFAC28B8FBFD008D1F1C /* OrangePlane.app */;
			productType = "com.apple.product-type.application";
		};
/* End PBXNativeTarget section */

/* Begin PBXProject section */
		B640AFA428B8FBFD008D1F1C /* Project object */ = {
			isa = PBXProject;
			attributes = {
				BuildIndependentTargetsInParallel = 1;
				LastSwiftUpdateCheck = 1340;
				LastUpgradeCheck = 1340;
				TargetAttributes = {
					B640AFAB28B8FBFD008D1F1C = {
						CreatedOnToolsVersion = 13.4.1;
					};
				};
			};
			buildConfigurationList = B640AFA728B8FBFD008D1F1C /* Build configuration list for PBXProject "OrangePlane" */;
			compatibilityVersion = "Xcode 13.0";
			developmentRegion = en;
			hasScannedForEncodings = 0;
			knownRegions = (
				en,
				Base,
			);
			mainGroup = B640AFA328B8FBFD008D1F1C;
			productRefGroup = B640AFAD28B8FBFD008D1F1C /* Products */;
			projectDirPath = "";
			projectRoot = "";
			targets = (
				B640AFAB28B8FBFD008D1F1C /* OrangePlane */,
			);
		};
/* End PBXProject section */

/* Begin PBXResourcesBuildPhase section */
		B640AFAA28B8FBFD008D1F1C /* Resources */ = {
			isa = PBXResourcesBuildPhase;
			buildActionMask = 2147483647;
			files = (
				B62173D328D72AFE007638CA /* back.jpeg in Resources */,
				B640AFBC28B8FBFF008D1F1C /* LaunchScreen.storyboard in Resources */,
				B62173C728D72A7E007638CA /* plane1.png in Resources */,
				B640AFB928B8FBFF008D1F1C /* Assets.xcassets in Resources */,
				B62173CB28D72A96007638CA /* crash.wav in Resources */,
				B62173C928D72A89007638CA /* plane2.png in Resources */,
				B62173D028D72ADF007638CA /* helicopter.mp3 in Resources */,
				B640AFB728B8FBFD008D1F1C /* Main.storyboard in Resources */,
				B62173D128D72ADF007638CA /* UPipe.png in Resources */,
			);
			runOnlyForDeploymentPostprocessing = 0;
		};
/* End PBXResourcesBuildPhase section */

/* Begin PBXSourcesBuildPhase section */
		B640AFA828B8FBFD008D1F1C /* Sources */ = {
			isa = PBXSourcesBuildPhase;
			buildActionMask = 2147483647;
			files = (
				B640AFB428B8FBFD008D1F1C /* ViewController.swift in Sources */,
				B640AFB028B8FBFD008D1F1C /* AppDelegate.swift in Sources */,
				B640AFC828B8FC9B008D1F1C /* GameScene.swift in Sources */,
				B640AFB228B8FBFD008D1F1C /* SceneDelegate.swift in Sources */,
			);
			runOnlyForDeploymentPostprocessing = 0;
		};
/* End PBXSourcesBuildPhase section */

/* Begin PBXVariantGroup section */
		B640AFB528B8FBFD008D1F1C /* Main.storyboard */ = {
			isa = PBXVariantGroup;
			children = (
				B640AFB628B8FBFD008D1F1C /* Base */,
			);
			name = Main.storyboard;
			sourceTree = "<group>";
		};
		B640AFBA28B8FBFF008D1F1C /* LaunchScreen.storyboard */ = {
			isa = PBXVariantGroup;
			children = (
				B640AFBB28B8FBFF008D1F1C /* Base */,
			);
			name = LaunchScreen.storyboard;
			sourceTree = "<group>";
		};
/* End PBXVariantGroup section */

/* Begin XCBuildConfiguration section */
		B640AFBE28B8FBFF008D1F1C /* Debug */ = {
			isa = XCBuildConfiguration;
			buildSettings = {
				ALWAYS_SEARCH_USER_PATHS = NO;
				CLANG_ANALYZER_NONNULL = YES;
				CLANG_ANALYZER_NUMBER_OBJECT_CONVERSION = YES_AGGRESSIVE;
				CLANG_CXX_LANGUAGE_STANDARD = "gnu++17";
				CLANG_ENABLE_MODULES = YES;
				CLANG_ENABLE_OBJC_ARC = YES;
				CLANG_ENABLE_OBJC_WEAK = YES;
				CLANG_WARN_BLOCK_CAPTURE_AUTORELEASING = YES;
				CLANG_WARN_BOOL_CONVERSION = YES;
				CLANG_WARN_COMMA = YES;
				CLANG_WARN_CONSTANT_CONVERSION = YES;
				CLANG_WARN_DEPRECATED_OBJC_IMPLEMENTATIONS = YES;
				CLANG_WARN_DIRECT_OBJC_ISA_USAGE = YES_ERROR;
				CLANG_WARN_DOCUMENTATION_COMMENTS = YES;
				CLANG_WARN_EMPTY_BODY = YES;
				CLANG_WARN_ENUM_CONVERSION = YES;
				CLANG_WARN_INFINITE_RECURSION = YES;
				CLANG_WARN_INT_CONVERSION = YES;
				CLANG_WARN_NON_LITERAL_NULL_CONVERSION = YES;
				CLANG_WARN_OBJC_IMPLICIT_RETAIN_SELF = YES;
				CLANG_WARN_OBJC_LITERAL_CONVERSION = YES;
				CLANG_WARN_OBJC_ROOT_CLASS = YES_ERROR;
				CLANG_WARN_QUOTED_INCLUDE_IN_FRAMEWORK_HEADER = YES;
				CLANG_WARN_RANGE_LOOP_ANALYSIS = YES;
				CLANG_WARN_STRICT_PROTOTYPES = YES;
				CLANG_WARN_SUSPICIOUS_MOVE = YES;
				CLANG_WARN_UNGUARDED_AVAILABILITY = YES_AGGRESSIVE;
				CLANG_WARN_UNREACHABLE_CODE = YES;
				CLANG_WARN__DUPLICATE_METHOD_MATCH = YES;
				COPY_PHASE_STRIP = NO;
				DEBUG_INFORMATION_FORMAT = dwarf;
				ENABLE_STRICT_OBJC_MSGSEND = YES;
				ENABLE_TESTABILITY = YES;
				GCC_C_LANGUAGE_STANDARD = gnu11;
				GCC_DYNAMIC_NO_PIC = NO;
				GCC_NO_COMMON_BLOCKS = YES;
				GCC_OPTIMIZATION_LEVEL = 0;
				GCC_PREPROCESSOR_DEFINITIONS = (
					"DEBUG=1",
					"$(inherited)",
				);
				GCC_WARN_64_TO_32_BIT_CONVERSION = YES;
				GCC_WARN_ABOUT_RETURN_TYPE = YES_ERROR;
				GCC_WARN_UNDECLARED_SELECTOR = YES;
				GCC_WARN_UNINITIALIZED_AUTOS = YES_AGGRESSIVE;
				GCC_WARN_UNUSED_FUNCTION = YES;
				GCC_WARN_UNUSED_VARIABLE = YES;
				IPHONEOS_DEPLOYMENT_TARGET = 15.5;
				MTL_ENABLE_DEBUG_INFO = INCLUDE_SOURCE;
				MTL_FAST_MATH = YES;
				ONLY_ACTIVE_ARCH = YES;
				SDKROOT = iphoneos;
				SWIFT_ACTIVE_COMPILATION_CONDITIONS = DEBUG;
				SWIFT_OPTIMIZATION_LEVEL = "-Onone";
			};
			name = Debug;
		};
		B640AFBF28B8FBFF008D1F1C /* Release */ = {
			isa = XCBuildConfiguration;
			buildSettings = {
				ALWAYS_SEARCH_USER_PATHS = NO;
				CLANG_ANALYZER_NONNULL = YES;
				CLANG_ANALYZER_NUMBER_OBJECT_CONVERSION = YES_AGGRESSIVE;
				CLANG_CXX_LANGUAGE_STANDARD = "gnu++17";
				CLANG_ENABLE_MODULES = YES;
				CLANG_ENABLE_OBJC_ARC = YES;
				CLANG_ENABLE_OBJC_WEAK = YES;
				CLANG_WARN_BLOCK_CAPTURE_AUTORELEASING = YES;
				CLANG_WARN_BOOL_CONVERSION = YES;
				CLANG_WARN_COMMA = YES;
				CLANG_WARN_CONSTANT_CONVERSION = YES;
				CLANG_WARN_DEPRECATED_OBJC_IMPLEMENTATIONS = YES;
				CLANG_WARN_DIRECT_OBJC_ISA_USAGE = YES_ERROR;
				CLANG_WARN_DOCUMENTATION_COMMENTS = YES;
				CLANG_WARN_EMPTY_BODY = YES;
				CLANG_WARN_ENUM_CONVERSION = YES;
				CLANG_WARN_INFINITE_RECURSION = YES;
				CLANG_WARN_INT_CONVERSION = YES;
				CLANG_WARN_NON_LITERAL_NULL_CONVERSION = YES;
				CLANG_WARN_OBJC_IMPLICIT_RETAIN_SELF = YES;
				CLANG_WARN_OBJC_LITERAL_CONVERSION = YES;
				CLANG_WARN_OBJC_ROOT_CLASS = YES_ERROR;
				CLANG_WARN_QUOTED_INCLUDE_IN_FRAMEWORK_HEADER = YES;
				CLANG_WARN_RANGE_LOOP_ANALYSIS = YES;
				CLANG_WARN_STRICT_PROTOTYPES = YES;
				CLANG_WARN_SUSPICIOUS_MOVE = YES;
				CLANG_WARN_UNGUARDED_AVAILABILITY = YES_AGGRESSIVE;
				CLANG_WARN_UNREACHABLE_CODE = YES;
				CLANG_WARN__DUPLICATE_METHOD_MATCH = YES;
				COPY_PHASE_STRIP = NO;
				DEBUG_INFORMATION_FORMAT = "dwarf-with-dsym";
				ENABLE_NS_ASSERTIONS = NO;
				ENABLE_STRICT_OBJC_MSGSEND = YES;
				GCC_C_LANGUAGE_STANDARD = gnu11;
				GCC_NO_COMMON_BLOCKS = YES;
				GCC_WARN_64_TO_32_BIT_CONVERSION = YES;
				GCC_WARN_ABOUT_RETURN_TYPE = YES_ERROR;
				GCC_WARN_UNDECLARED_SELECTOR = YES;
				GCC_WARN_UNINITIALIZED_AUTOS = YES_AGGRESSIVE;
				GCC_WARN_UNUSED_FUNCTION = YES;
				GCC_WARN_UNUSED_VARIABLE = YES;
				IPHONEOS_DEPLOYMENT_TARGET = 15.5;
				MTL_ENABLE_DEBUG_INFO = NO;
				MTL_FAST_MATH = YES;
				SDKROOT = iphoneos;
				SWIFT_COMPILATION_MODE = wholemodule;
				SWIFT_OPTIMIZATION_LEVEL = "-O";
				VALIDATE_PRODUCT = YES;
			};
			name = Release;
		};
		B640AFC128B8FBFF008D1F1C /* Debug */ = {
			isa = XCBuildConfiguration;
			buildSettings = {
				ASSETCATALOG_COMPILER_APPICON_NAME = AppIcon;
				ASSETCATALOG_COMPILER_GLOBAL_ACCENT_COLOR_NAME = AccentColor;
				CODE_SIGN_STYLE = Automatic;
				CURRENT_PROJECT_VERSION = 1;
				DEVELOPMENT_TEAM = C9U5P5BGJW;
				GENERATE_INFOPLIST_FILE = YES;
				INFOPLIST_FILE = OrangePlane/Info.plist;
				INFOPLIST_KEY_UIApplicationSupportsIndirectInputEvents = YES;
				INFOPLIST_KEY_UILaunchStoryboardName = LaunchScreen;
				INFOPLIST_KEY_UIMainStoryboardFile = Main;
				INFOPLIST_KEY_UISupportedInterfaceOrientations_iPad = "UIInterfaceOrientationPortrait UIInterfaceOrientationPortraitUpsideDown UIInterfaceOrientationLandscapeLeft UIInterfaceOrientationLandscapeRight";
				INFOPLIST_KEY_UISupportedInterfaceOrientations_iPhone = "UIInterfaceOrientationPortrait UIInterfaceOrientationLandscapeLeft UIInterfaceOrientationLandscapeRight";
				LD_RUNPATH_SEARCH_PATHS = (
					"$(inherited)",
					"@executable_path/Frameworks",
				);
				MARKETING_VERSION = 1.0;
				PRODUCT_BUNDLE_IDENTIFIER = ggg.OrangePlane;
				PRODUCT_NAME = "$(TARGET_NAME)";
				SWIFT_EMIT_LOC_STRINGS = YES;
				SWIFT_VERSION = 5.0;
				TARGETED_DEVICE_FAMILY = "1,2";
			};
			name = Debug;
		};
		B640AFC228B8FBFF008D1F1C /* Release */ = {
			isa = XCBuildConfiguration;
			buildSettings = {
				ASSETCATALOG_COMPILER_APPICON_NAME = AppIcon;
				ASSETCATALOG_COMPILER_GLOBAL_ACCENT_COLOR_NAME = AccentColor;
				CODE_SIGN_STYLE = Automatic;
				CURRENT_PROJECT_VERSION = 1;
				DEVELOPMENT_TEAM = C9U5P5BGJW;
				GENERATE_INFOPLIST_FILE = YES;
				INFOPLIST_FILE = OrangePlane/Info.plist;
				INFOPLIST_KEY_UIApplicationSupportsIndirectInputEvents = YES;
				INFOPLIST_KEY_UILaunchStoryboardName = LaunchScreen;
				INFOPLIST_KEY_UIMainStoryboardFile = Main;
				INFOPLIST_KEY_UISupportedInterfaceOrientations_iPad = "UIInterfaceOrientationPortrait UIInterfaceOrientationPortraitUpsideDown UIInterfaceOrientationLandscapeLeft UIInterfaceOrientationLandscapeRight";
				INFOPLIST_KEY_UISupportedInterfaceOrientations_iPhone = "UIInterfaceOrientationPortrait UIInterfaceOrientationLandscapeLeft UIInterfaceOrientationLandscapeRight";
				LD_RUNPATH_SEARCH_PATHS = (
					"$(inherited)",
					"@executable_path/Frameworks",
				);
				MARKETING_VERSION = 1.0;
				PRODUCT_BUNDLE_IDENTIFIER = ggg.OrangePlane;
				PRODUCT_NAME = "$(TARGET_NAME)";
				SWIFT_EMIT_LOC_STRINGS = YES;
				SWIFT_VERSION = 5.0;
				TARGETED_DEVICE_FAMILY = "1,2";
			};
			name = Release;
		};
/* End XCBuildConfiguration section */

/* Begin XCConfigurationList section */
		B640AFA728B8FBFD008D1F1C /* Build configuration list for PBXProject "OrangePlane" */ = {
			isa = XCConfigurationList;
			buildConfigurations = (
				B640AFBE28B8FBFF008D1F1C /* Debug */,
				B640AFBF28B8FBFF008D1F1C /* Release */,
			);
			defaultConfigurationIsVisible = 0;
			defaultConfigurationName = Release;
		};
		B640AFC028B8FBFF008D1F1C /* Build configuration list for PBXNativeTarget "OrangePlane" */ = {
			isa = XCConfigurationList;
			buildConfigurations = (
				B640AFC128B8FBFF008D1F1C /* Debug */,
				B640AFC228B8FBFF008D1F1C /* Release */,
			);
			defaultConfigurationIsVisible = 0;
			defaultConfigurationName = Release;
		};
/* End XCConfigurationList section */
	};
	rootObject = B640AFA428B8FBFD008D1F1C /* Project object */;
}
